{
  "name": "conversational-backend",
  "version": "1.0.0",
  "lockfileVersion": 3,
  "requires": true,
  "packages": {
    "": {
      "name": "conversational-backend",
      "version": "1.0.0",
      "dependencies": {
        "body-parser": "file:...",
        "cors": "file:...",
        "express": "file:...",
        "node-fetch": "file:..."
      }
    },
    "...": {},
    "node_modules/body-parser": {
      "resolved": "...",
      "link": true
    },
    "node_modules/cors": {
      "resolved": "...",
      "link": true
    },
    "node_modules/express": {
      "resolved": "...",
      "link": true
    },
    "node_modules/node-fetch": {
      "resolved": "...",
      "link": true
    }
  }
}
